
Microsoft Visual Studio Solution File, Format Version 12.00
# Visual Studio Version 17
VisualStudioVersion = 17.1.32319.34
MinimumVisualStudioVersion = 10.0.40219.1
Project("{9A19103F-16F7-4668-BE54-9A1E7A4F7556}") = "FlightBookings.Api", "src\FlightBookings.Api\FlightBookings.Api.csproj", "{85227546-6E6D-4297-9C3A-9A051C6FEE11}"
EndProject
Project("{9A19103F-16F7-4668-BE54-9A1E7A4F7556}") = "FlightBookings.Domain", "src\FlightBookings.Domain\FlightBookings.Domain.csproj", "{DC5FF6AC-1065-4C8A-BBF2-FD4C2AC44B40}"
EndProject
Project("{9A19103F-16F7-4668-BE54-9A1E7A4F7556}") = "FlightBookings.Application", "src\FlightBookings.Application\FlightBookings.Application.csproj", "{4E1051DE-B36F-4346-906A-CA39EB2F95AD}"
EndProject
Project("{9A19103F-16F7-4668-BE54-9A1E7A4F7556}") = "FlightBookings.Infra", "src\FlightBookings.Infra\FlightBookings.Infra.csproj", "{929F0600-8E0D-40D1-B928-81A49332E460}"
EndProject
Project("{2150E333-8FDC-42A3-9474-1A3956D46DE8}") = "src", "src", "{AA2C5637-2DF8-49F5-9759-1539ED48AE31}"
EndProject
Project("{2150E333-8FDC-42A3-9474-1A3956D46DE8}") = "tests", "tests", "{CA3809D7-5212-4269-A164-76FBF504CBC2}"
EndProject
Project("{9A19103F-16F7-4668-BE54-9A1E7A4F7556}") = "FlightBookings.Application.Tests", "tests\FlightBookings.Application.Tests\FlightBookings.Application.Tests.csproj", "{80673E7E-BFE4-4379-865B-212733EFB5C8}"
EndProject
Global
	GlobalSection(SolutionConfigurationPlatforms) = preSolution
		Debug|Any CPU = Debug|Any CPU
		Release|Any CPU = Release|Any CPU
	EndGlobalSection
	GlobalSection(ProjectConfigurationPlatforms) = postSolution
		{85227546-6E6D-4297-9C3A-9A051C6FEE11}.Debug|Any CPU.ActiveCfg = Debug|Any CPU
		{85227546-6E6D-4297-9C3A-9A051C6FEE11}.Debug|Any CPU.Build.0 = Debug|Any CPU
		{85227546-6E6D-4297-9C3A-9A051C6FEE11}.Release|Any CPU.ActiveCfg = Release|Any CPU
		{85227546-6E6D-4297-9C3A-9A051C6FEE11}.Release|Any CPU.Build.0 = Release|Any CPU
		{DC5FF6AC-1065-4C8A-BBF2-FD4C2AC44B40}.Debug|Any CPU.ActiveCfg = Debug|Any CPU
		{DC5FF6AC-1065-4C8A-BBF2-FD4C2AC44B40}.Debug|Any CPU.Build.0 = Debug|Any CPU
		{DC5FF6AC-1065-4C8A-BBF2-FD4C2AC44B40}.Release|Any CPU.ActiveCfg = Release|Any CPU
		{DC5FF6AC-1065-4C8A-BBF2-FD4C2AC44B40}.Release|Any CPU.Build.0 = Release|Any CPU
		{4E1051DE-B36F-4346-906A-CA39EB2F95AD}.Debug|Any CPU.ActiveCfg = Debug|Any CPU
		{4E1051DE-B36F-4346-906A-CA39EB2F95AD}.Debug|Any CPU.Build.0 = Debug|Any CPU
		{4E1051DE-B36F-4346-906A-CA39EB2F95AD}.Release|Any CPU.ActiveCfg = Release|Any CPU
		{4E1051DE-B36F-4346-906A-CA39EB2F95AD}.Release|Any CPU.Build.0 = Release|Any CPU
		{929F0600-8E0D-40D1-B928-81A49332E460}.Debug|Any CPU.ActiveCfg = Debug|Any CPU
		{929F0600-8E0D-40D1-B928-81A49332E460}.Debug|Any CPU.Build.0 = Debug|Any CPU
		{929F0600-8E0D-40D1-B928-81A49332E460}.Release|Any CPU.ActiveCfg = Release|Any CPU
		{929F0600-8E0D-40D1-B928-81A49332E460}.Release|Any CPU.Build.0 = Release|Any CPU
		{80673E7E-BFE4-4379-865B-212733EFB5C8}.Debug|Any CPU.ActiveCfg = Debug|Any CPU
		{80673E7E-BFE4-4379-865B-212733EFB5C8}.Debug|Any CPU.Build.0 = Debug|Any CPU
		{80673E7E-BFE4-4379-865B-212733EFB5C8}.Release|Any CPU.ActiveCfg = Release|Any CPU
		{80673E7E-BFE4-4379-865B-212733EFB5C8}.Release|Any CPU.Build.0 = Release|Any CPU
	EndGlobalSection
	GlobalSection(SolutionProperties) = preSolution
		HideSolutionNode = FALSE
	EndGlobalSection
	GlobalSection(NestedProjects) = preSolution
		{85227546-6E6D-4297-9C3A-9A051C6FEE11} = {AA2C5637-2DF8-49F5-9759-1539ED48AE31}
		{DC5FF6AC-1065-4C8A-BBF2-FD4C2AC44B40} = {AA2C5637-2DF8-49F5-9759-1539ED48AE31}
		{4E1051DE-B36F-4346-906A-CA39EB2F95AD} = {AA2C5637-2DF8-49F5-9759-1539ED48AE31}
		{929F0600-8E0D-40D1-B928-81A49332E460} = {AA2C5637-2DF8-49F5-9759-1539ED48AE31}
		{80673E7E-BFE4-4379-865B-212733EFB5C8} = {CA3809D7-5212-4269-A164-76FBF504CBC2}
	EndGlobalSection
	GlobalSection(ExtensibilityGlobals) = postSolution
		SolutionGuid = {2419646C-FF76-40B8-B80B-9A98CE70705E}
	EndGlobalSection
EndGlobal
